{
  "requires": true,
  "lockfileVersion": 1,
  "dependencies": {
    "vblagoi-palindrome": {
      "version": "0.1.0",
      "resolved": "https://registry.npmjs.org/vblagoi-palindrome/-/vblagoi-palindrome-0.1.0.tgz",
      "integrity": "sha512-Q0KpnanFraFvyWFnOQ3LyOHNaHAlBaBNWqil8Ahzbku9YDLxxhn8Zl5WAoP24oJFwHxzzBZZ61kKBJdIwmiV0Q=="
    }
  }
}
